
Microsoft Visual Studio Solution File, Format Version 12.00
# Visual Studio 15
VisualStudioVersion = 15.0.26124.0
MinimumVisualStudioVersion = 15.0.26124.0
Project("{2150E333-8FDC-42A3-9474-1A3956D46DE8}") = "src", "src", "{21CF5104-F667-448A-8844-BCBF6A7EBD1B}"
EndProject
Project("{FAE04EC0-301F-11D3-BF4B-00C04F79EFBC}") = "hl7", "src\hl7\hl7.csproj", "{0997DDCB-FAA1-419D-A147-BEF0A3076650}"
EndProject
Project("{2150E333-8FDC-42A3-9474-1A3956D46DE8}") = "test", "test", "{7359E29A-13B6-41C8-A514-4DE00B8C0BFF}"
EndProject
Project("{FAE04EC0-301F-11D3-BF4B-00C04F79EFBC}") = "hl7-tests", "test\hl7-tests\hl7-tests.csproj", "{842E1BD9-DB97-4FF0-BE90-523B5CABEFB5}"
EndProject
Global
	GlobalSection(SolutionConfigurationPlatforms) = preSolution
		Debug|Any CPU = Debug|Any CPU
		Debug|x64 = Debug|x64
		Debug|x86 = Debug|x86
		Release|Any CPU = Release|Any CPU
		Release|x64 = Release|x64
		Release|x86 = Release|x86
	EndGlobalSection
	GlobalSection(SolutionProperties) = preSolution
		HideSolutionNode = FALSE
	EndGlobalSection
	GlobalSection(ProjectConfigurationPlatforms) = postSolution
		{0997DDCB-FAA1-419D-A147-BEF0A3076650}.Debug|Any CPU.ActiveCfg = Debug|Any CPU
		{0997DDCB-FAA1-419D-A147-BEF0A3076650}.Debug|Any CPU.Build.0 = Debug|Any CPU
		{0997DDCB-FAA1-419D-A147-BEF0A3076650}.Debug|x64.ActiveCfg = Debug|Any CPU
		{0997DDCB-FAA1-419D-A147-BEF0A3076650}.Debug|x64.Build.0 = Debug|Any CPU
		{0997DDCB-FAA1-419D-A147-BEF0A3076650}.Debug|x86.ActiveCfg = Debug|Any CPU
		{0997DDCB-FAA1-419D-A147-BEF0A3076650}.Debug|x86.Build.0 = Debug|Any CPU
		{0997DDCB-FAA1-419D-A147-BEF0A3076650}.Release|Any CPU.ActiveCfg = Release|Any CPU
		{0997DDCB-FAA1-419D-A147-BEF0A3076650}.Release|Any CPU.Build.0 = Release|Any CPU
		{0997DDCB-FAA1-419D-A147-BEF0A3076650}.Release|x64.ActiveCfg = Release|Any CPU
		{0997DDCB-FAA1-419D-A147-BEF0A3076650}.Release|x64.Build.0 = Release|Any CPU
		{0997DDCB-FAA1-419D-A147-BEF0A3076650}.Release|x86.ActiveCfg = Release|Any CPU
		{0997DDCB-FAA1-419D-A147-BEF0A3076650}.Release|x86.Build.0 = Release|Any CPU
		{842E1BD9-DB97-4FF0-BE90-523B5CABEFB5}.Debug|Any CPU.ActiveCfg = Debug|Any CPU
		{842E1BD9-DB97-4FF0-BE90-523B5CABEFB5}.Debug|Any CPU.Build.0 = Debug|Any CPU
		{842E1BD9-DB97-4FF0-BE90-523B5CABEFB5}.Debug|x64.ActiveCfg = Debug|Any CPU
		{842E1BD9-DB97-4FF0-BE90-523B5CABEFB5}.Debug|x64.Build.0 = Debug|Any CPU
		{842E1BD9-DB97-4FF0-BE90-523B5CABEFB5}.Debug|x86.ActiveCfg = Debug|Any CPU
		{842E1BD9-DB97-4FF0-BE90-523B5CABEFB5}.Debug|x86.Build.0 = Debug|Any CPU
		{842E1BD9-DB97-4FF0-BE90-523B5CABEFB5}.Release|Any CPU.ActiveCfg = Release|Any CPU
		{842E1BD9-DB97-4FF0-BE90-523B5CABEFB5}.Release|Any CPU.Build.0 = Release|Any CPU
		{842E1BD9-DB97-4FF0-BE90-523B5CABEFB5}.Release|x64.ActiveCfg = Release|Any CPU
		{842E1BD9-DB97-4FF0-BE90-523B5CABEFB5}.Release|x64.Build.0 = Release|Any CPU
		{842E1BD9-DB97-4FF0-BE90-523B5CABEFB5}.Release|x86.ActiveCfg = Release|Any CPU
		{842E1BD9-DB97-4FF0-BE90-523B5CABEFB5}.Release|x86.Build.0 = Release|Any CPU
	EndGlobalSection
	GlobalSection(NestedProjects) = preSolution
		{0997DDCB-FAA1-419D-A147-BEF0A3076650} = {21CF5104-F667-448A-8844-BCBF6A7EBD1B}
		{842E1BD9-DB97-4FF0-BE90-523B5CABEFB5} = {7359E29A-13B6-41C8-A514-4DE00B8C0BFF}
	EndGlobalSection
EndGlobal
